// !$*UTF8*$!
{
	archiveVersion = 1;
	classes = {
	};
	objectVersion = 55;
	objects = {

/* Begin PBXBuildFile section */
		FF07B5BA275C7FA200377F94 /* LogoView.swift in Sources */ = {isa = PBXBuildFile; fileRef = FF07B5B9275C7FA200377F94 /* LogoView.swift */; };
		FF07B5BC275C7FD600377F94 /* Modifiers.swift in Sources */ = {isa = PBXBuildFile; fileRef = FF07B5BB275C7FD600377F94 /* Modifiers.swift */; };
		FF07B5BE275C825000377F94 /* Extensions.swift in Sources */ = {isa = PBXBuildFile; fileRef = FF07B5BD275C825000377F94 /* Extensions.swift */; };
		FF07B5C0275C83F100377F94 /* ReelView.swift in Sources */ = {isa = PBXBuildFile; fileRef = FF07B5BF275C83F100377F94 /* ReelView.swift */; };
		FF07B5C2275DCCB400377F94 /* InfoView.swift in Sources */ = {isa = PBXBuildFile; fileRef = FF07B5C1275DCCB400377F94 /* InfoView.swift */; };
		FF07B5C4275F9BC300377F94 /* PlaySound.swift in Sources */ = {isa = PBXBuildFile; fileRef = FF07B5C3275F9BC300377F94 /* PlaySound.swift */; };
		FF1CD225275A2FD2003C79D3 /* SlotMachineApp.swift in Sources */ = {isa = PBXBuildFile; fileRef = FF1CD224275A2FD2003C79D3 /* SlotMachineApp.swift */; };
		FF1CD227275A2FD2003C79D3 /* ContentView.swift in Sources */ = {isa = PBXBuildFile; fileRef = FF1CD226275A2FD2003C79D3 /* ContentView.swift */; };
		FF1CD229275A2FD4003C79D3 /* Assets.xcassets in Resources */ = {isa = PBXBuildFile; fileRef = FF1CD228275A2FD4003C79D3 /* Assets.xcassets */; };
		FF1CD22C275A2FD4003C79D3 /* Preview Assets.xcassets in Resources */ = {isa = PBXBuildFile; fileRef = FF1CD22B275A2FD4003C79D3 /* Preview Assets.xcassets */; };
		FF1CD23B275A3080003C79D3 /* win.mp3 in Resources */ = {isa = PBXBuildFile; fileRef = FF1CD233275A3080003C79D3 /* win.mp3 */; };
		FF1CD23C275A3080003C79D3 /* casino-chips.mp3 in Resources */ = {isa = PBXBuildFile; fileRef = FF1CD234275A3080003C79D3 /* casino-chips.mp3 */; };
		FF1CD23D275A3080003C79D3 /* background-music.mp3 in Resources */ = {isa = PBXBuildFile; fileRef = FF1CD235275A3080003C79D3 /* background-music.mp3 */; };
		FF1CD23E275A3080003C79D3 /* riseup.mp3 in Resources */ = {isa = PBXBuildFile; fileRef = FF1CD236275A3080003C79D3 /* riseup.mp3 */; };
		FF1CD23F275A3080003C79D3 /* spin.mp3 in Resources */ = {isa = PBXBuildFile; fileRef = FF1CD237275A3080003C79D3 /* spin.mp3 */; };
		FF1CD240275A3080003C79D3 /* game-over.mp3 in Resources */ = {isa = PBXBuildFile; fileRef = FF1CD238275A3080003C79D3 /* game-over.mp3 */; };
		FF1CD241275A3080003C79D3 /* high-score.mp3 in Resources */ = {isa = PBXBuildFile; fileRef = FF1CD239275A3080003C79D3 /* high-score.mp3 */; };
		FF1CD242275A3080003C79D3 /* chimeup.mp3 in Resources */ = {isa = PBXBuildFile; fileRef = FF1CD23A275A3080003C79D3 /* chimeup.mp3 */; };
		FF1CD247275A33C5003C79D3 /* LaunchScreen.storyboard in Resources */ = {isa = PBXBuildFile; fileRef = FF1CD246275A33C5003C79D3 /* LaunchScreen.storyboard */; };
/* End PBXBuildFile section */

/* Begin PBXFileReference section */
		FF07B5B9275C7FA200377F94 /* LogoView.swift */ = {isa = PBXFileReference; lastKnownFileType = sourcecode.swift; path = LogoView.swift; sourceTree = "<group>"; };
		FF07B5BB275C7FD600377F94 /* Modifiers.swift */ = {isa = PBXFileReference; lastKnownFileType = sourcecode.swift; path = Modifiers.swift; sourceTree = "<group>"; };
		FF07B5BD275C825000377F94 /* Extensions.swift */ = {isa = PBXFileReference; lastKnownFileType = sourcecode.swift; path = Extensions.swift; sourceTree = "<group>"; };
		FF07B5BF275C83F100377F94 /* ReelView.swift */ = {isa = PBXFileReference; lastKnownFileType = sourcecode.swift; path = ReelView.swift; sourceTree = "<group>"; };
		FF07B5C1275DCCB400377F94 /* InfoView.swift */ = {isa = PBXFileReference; lastKnownFileType = sourcecode.swift; path = InfoView.swift; sourceTree = "<group>"; };
		FF07B5C3275F9BC300377F94 /* PlaySound.swift */ = {isa = PBXFileReference; lastKnownFileType = sourcecode.swift; path = PlaySound.swift; sourceTree = "<group>"; };
		FF07B5C52760512300377F94 /* SlotMachine.entitlements */ = {isa = PBXFileReference; lastKnownFileType = text.plist.entitlements; path = SlotMachine.entitlements; sourceTree = "<group>"; };
		FF1CD221275A2FD2003C79D3 /* SlotMachine.app */ = {isa = PBXFileReference; explicitFileType = wrapper.application; includeInIndex = 0; path = SlotMachine.app; sourceTree = BUILT_PRODUCTS_DIR; };
		FF1CD224275A2FD2003C79D3 /* SlotMachineApp.swift */ = {isa = PBXFileReference; lastKnownFileType = sourcecode.swift; path = SlotMachineApp.swift; sourceTree = "<group>"; };
		FF1CD226275A2FD2003C79D3 /* ContentView.swift */ = {isa = PBXFileReference; lastKnownFileType = sourcecode.swift; path = ContentView.swift; sourceTree = "<group>"; };
		FF1CD228275A2FD4003C79D3 /* Assets.xcassets */ = {isa = PBXFileReference; lastKnownFileType = folder.assetcatalog; path = Assets.xcassets; sourceTree = "<group>"; };
		FF1CD22B275A2FD4003C79D3 /* Preview Assets.xcassets */ = {isa = PBXFileReference; lastKnownFileType = folder.assetcatalog; path = "Preview Assets.xcassets"; sourceTree = "<group>"; };
		FF1CD233275A3080003C79D3 /* win.mp3 */ = {isa = PBXFileReference; lastKnownFileType = audio.mp3; path = win.mp3; sourceTree = "<group>"; };
		FF1CD234275A3080003C79D3 /* casino-chips.mp3 */ = {isa = PBXFileReference; lastKnownFileType = audio.mp3; path = "casino-chips.mp3"; sourceTree = "<group>"; };
		FF1CD235275A3080003C79D3 /* background-music.mp3 */ = {isa = PBXFileReference; lastKnownFileType = audio.mp3; path = "background-music.mp3"; sourceTree = "<group>"; };
		FF1CD236275A3080003C79D3 /* riseup.mp3 */ = {isa = PBXFileReference; lastKnownFileType = audio.mp3; path = riseup.mp3; sourceTree = "<group>"; };
		FF1CD237275A3080003C79D3 /* spin.mp3 */ = {isa = PBXFileReference; lastKnownFileType = audio.mp3; path = spin.mp3; sourceTree = "<group>"; };
		FF1CD238275A3080003C79D3 /* game-over.mp3 */ = {isa = PBXFileReference; lastKnownFileType = audio.mp3; path = "game-over.mp3"; sourceTree = "<group>"; };
		FF1CD239275A3080003C79D3 /* high-score.mp3 */ = {isa = PBXFileReference; lastKnownFileType = audio.mp3; path = "high-score.mp3"; sourceTree = "<group>"; };
		FF1CD23A275A3080003C79D3 /* chimeup.mp3 */ = {isa = PBXFileReference; lastKnownFileType = audio.mp3; path = chimeup.mp3; sourceTree = "<group>"; };
		FF1CD245275A31DA003C79D3 /* Info.plist */ = {isa = PBXFileReference; lastKnownFileType = text.plist; path = Info.plist; sourceTree = "<group>"; };
		FF1CD246275A33C5003C79D3 /* LaunchScreen.storyboard */ = {isa = PBXFileReference; lastKnownFileType = file.storyboard; path = LaunchScreen.storyboard; sourceTree = "<group>"; };
/* End PBXFileReference section */

/* Begin PBXFrameworksBuildPhase section */
		FF1CD21E275A2FD2003C79D3 /* Frameworks */ = {
			isa = PBXFrameworksBuildPhase;
			buildActionMask = 2147483647;
			files = (
			);
			runOnlyForDeploymentPostprocessing = 0;
		};
/* End PBXFrameworksBuildPhase section */

/* Begin PBXGroup section */
		FF1CD218275A2FD2003C79D3 = {
			isa = PBXGroup;
			children = (
				FF1CD223275A2FD2003C79D3 /* SlotMachine */,
				FF1CD222275A2FD2003C79D3 /* Products */,
			);
			sourceTree = "<group>";
		};
		FF1CD222275A2FD2003C79D3 /* Products */ = {
			isa = PBXGroup;
			children = (
				FF1CD221275A2FD2003C79D3 /* SlotMachine.app */,
			);
			name = Products;
			sourceTree = "<group>";
		};
		FF1CD223275A2FD2003C79D3 /* SlotMachine */ = {
			isa = PBXGroup;
			children = (
				FF07B5C52760512300377F94 /* SlotMachine.entitlements */,
				FF1CD245275A31DA003C79D3 /* Info.plist */,
				FF1CD244275A31C2003C79D3 /* Helper */,
				FF1CD243275A31BC003C79D3 /* Views */,
				FF1CD232275A3071003C79D3 /* Sounds */,
				FF1CD224275A2FD2003C79D3 /* SlotMachineApp.swift */,
				FF1CD228275A2FD4003C79D3 /* Assets.xcassets */,
				FF1CD22A275A2FD4003C79D3 /* Preview Content */,
				FF1CD246275A33C5003C79D3 /* LaunchScreen.storyboard */,
			);
			path = SlotMachine;
			sourceTree = "<group>";
		};
		FF1CD22A275A2FD4003C79D3 /* Preview Content */ = {
			isa = PBXGroup;
			children = (
				FF1CD22B275A2FD4003C79D3 /* Preview Assets.xcassets */,
			);
			path = "Preview Content";
			sourceTree = "<group>";
		};
		FF1CD232275A3071003C79D3 /* Sounds */ = {
			isa = PBXGroup;
			children = (
				FF1CD235275A3080003C79D3 /* background-music.mp3 */,
				FF1CD234275A3080003C79D3 /* casino-chips.mp3 */,
				FF1CD23A275A3080003C79D3 /* chimeup.mp3 */,
				FF1CD238275A3080003C79D3 /* game-over.mp3 */,
				FF1CD239275A3080003C79D3 /* high-score.mp3 */,
				FF1CD236275A3080003C79D3 /* riseup.mp3 */,
				FF1CD237275A3080003C79D3 /* spin.mp3 */,
				FF1CD233275A3080003C79D3 /* win.mp3 */,
			);
			path = Sounds;
			sourceTree = "<group>";
		};
		FF1CD243275A31BC003C79D3 /* Views */ = {
			isa = PBXGroup;
			children = (
				FF1CD226275A2FD2003C79D3 /* ContentView.swift */,
				FF07B5B9275C7FA200377F94 /* LogoView.swift */,
				FF07B5BF275C83F100377F94 /* ReelView.swift */,
				FF07B5C1275DCCB400377F94 /* InfoView.swift */,
			);
			path = Views;
			sourceTree = "<group>";
		};
		FF1CD244275A31C2003C79D3 /* Helper */ = {
			isa = PBXGroup;
			children = (
				FF07B5BB275C7FD600377F94 /* Modifiers.swift */,
				FF07B5BD275C825000377F94 /* Extensions.swift */,
				FF07B5C3275F9BC300377F94 /* PlaySound.swift */,
			);
			path = Helper;
			sourceTree = "<group>";
		};
/* End PBXGroup section */

/* Begin PBXNativeTarget section */
		FF1CD220275A2FD2003C79D3 /* SlotMachine */ = {
			isa = PBXNativeTarget;
			buildConfigurationList = FF1CD22F275A2FD4003C79D3 /* Build configuration list for PBXNativeTarget "SlotMachine" */;
			buildPhases = (
				FF1CD21D275A2FD2003C79D3 /* Sources */,
				FF1CD21E275A2FD2003C79D3 /* Frameworks */,
				FF1CD21F275A2FD2003C79D3 /* Resources */,
			);
			buildRules = (
			);
			dependencies = (
			);
			name = SlotMachine;
			productName = SlotMachine;
			productReference = FF1CD221275A2FD2003C79D3 /* SlotMachine.app */;
			productType = "com.apple.product-type.application";
		};
/* End PBXNativeTarget section */

/* Begin PBXProject section */
		FF1CD219275A2FD2003C79D3 /* Project object */ = {
			isa = PBXProject;
			attributes = {
				BuildIndependentTargetsInParallel = 1;
				LastSwiftUpdateCheck = 1310;
				LastUpgradeCheck = 1310;
				TargetAttributes = {
					FF1CD220275A2FD2003C79D3 = {
						CreatedOnToolsVersion = 13.1;
					};
				};
			};
			buildConfigurationList = FF1CD21C275A2FD2003C79D3 /* Build configuration list for PBXProject "SlotMachine" */;
			compatibilityVersion = "Xcode 13.0";
			developmentRegion = en;
			hasScannedForEncodings = 0;
			knownRegions = (
				en,
				Base,
			);
			mainGroup = FF1CD218275A2FD2003C79D3;
			productRefGroup = FF1CD222275A2FD2003C79D3 /* Products */;
			projectDirPath = "";
			projectRoot = "";
			targets = (
				FF1CD220275A2FD2003C79D3 /* SlotMachine */,
			);
		};
/* End PBXProject section */

/* Begin PBXResourcesBuildPhase section */
		FF1CD21F275A2FD2003C79D3 /* Resources */ = {
			isa = PBXResourcesBuildPhase;
			buildActionMask = 2147483647;
			files = (
				FF1CD23E275A3080003C79D3 /* riseup.mp3 in Resources */,
				FF1CD23B275A3080003C79D3 /* win.mp3 in Resources */,
				FF1CD22C275A2FD4003C79D3 /* Preview Assets.xcassets in Resources */,
				FF1CD23F275A3080003C79D3 /* spin.mp3 in Resources */,
				FF1CD23D275A3080003C79D3 /* background-music.mp3 in Resources */,
				FF1CD229275A2FD4003C79D3 /* Assets.xcassets in Resources */,
				FF1CD247275A33C5003C79D3 /* LaunchScreen.storyboard in Resources */,
				FF1CD240275A3080003C79D3 /* game-over.mp3 in Resources */,
				FF1CD23C275A3080003C79D3 /* casino-chips.mp3 in Resources */,
				FF1CD242275A3080003C79D3 /* chimeup.mp3 in Resources */,
				FF1CD241275A3080003C79D3 /* high-score.mp3 in Resources */,
			);
			runOnlyForDeploymentPostprocessing = 0;
		};
/* End PBXResourcesBuildPhase section */

/* Begin PBXSourcesBuildPhase section */
		FF1CD21D275A2FD2003C79D3 /* Sources */ = {
			isa = PBXSourcesBuildPhase;
			buildActionMask = 2147483647;
			files = (
				FF07B5C0275C83F100377F94 /* ReelView.swift in Sources */,
				FF07B5C4275F9BC300377F94 /* PlaySound.swift in Sources */,
				FF07B5BE275C825000377F94 /* Extensions.swift in Sources */,
				FF07B5BC275C7FD600377F94 /* Modifiers.swift in Sources */,
				FF1CD227275A2FD2003C79D3 /* ContentView.swift in Sources */,
				FF07B5BA275C7FA200377F94 /* LogoView.swift in Sources */,
				FF1CD225275A2FD2003C79D3 /* SlotMachineApp.swift in Sources */,
				FF07B5C2275DCCB400377F94 /* InfoView.swift in Sources */,
			);
			runOnlyForDeploymentPostprocessing = 0;
		};
/* End PBXSourcesBuildPhase section */

/* Begin XCBuildConfiguration section */
		FF1CD22D275A2FD4003C79D3 /* Debug */ = {
			isa = XCBuildConfiguration;
			buildSettings = {
				ALWAYS_SEARCH_USER_PATHS = NO;
				CLANG_ANALYZER_NONNULL = YES;
				CLANG_ANALYZER_NUMBER_OBJECT_CONVERSION = YES_AGGRESSIVE;
				CLANG_CXX_LANGUAGE_STANDARD = "gnu++17";
				CLANG_CXX_LIBRARY = "libc++";
				CLANG_ENABLE_MODULES = YES;
				CLANG_ENABLE_OBJC_ARC = YES;
				CLANG_ENABLE_OBJC_WEAK = YES;
				CLANG_WARN_BLOCK_CAPTURE_AUTORELEASING = YES;
				CLANG_WARN_BOOL_CONVERSION = YES;
				CLANG_WARN_COMMA = YES;
				CLANG_WARN_CONSTANT_CONVERSION = YES;
				CLANG_WARN_DEPRECATED_OBJC_IMPLEMENTATIONS = YES;
				CLANG_WARN_DIRECT_OBJC_ISA_USAGE = YES_ERROR;
				CLANG_WARN_DOCUMENTATION_COMMENTS = YES;
				CLANG_WARN_EMPTY_BODY = YES;
				CLANG_WARN_ENUM_CONVERSION = YES;
				CLANG_WARN_INFINITE_RECURSION = YES;
				CLANG_WARN_INT_CONVERSION = YES;
				CLANG_WARN_NON_LITERAL_NULL_CONVERSION = YES;
				CLANG_WARN_OBJC_IMPLICIT_RETAIN_SELF = YES;
				CLANG_WARN_OBJC_LITERAL_CONVERSION = YES;
				CLANG_WARN_OBJC_ROOT_CLASS = YES_ERROR;
				CLANG_WARN_QUOTED_INCLUDE_IN_FRAMEWORK_HEADER = YES;
				CLANG_WARN_RANGE_LOOP_ANALYSIS = YES;
				CLANG_WARN_STRICT_PROTOTYPES = YES;
				CLANG_WARN_SUSPICIOUS_MOVE = YES;
				CLANG_WARN_UNGUARDED_AVAILABILITY = YES_AGGRESSIVE;
				CLANG_WARN_UNREACHABLE_CODE = YES;
				CLANG_WARN__DUPLICATE_METHOD_MATCH = YES;
				COPY_PHASE_STRIP = NO;
				DEBUG_INFORMATION_FORMAT = dwarf;
				ENABLE_STRICT_OBJC_MSGSEND = YES;
				ENABLE_TESTABILITY = YES;
				GCC_C_LANGUAGE_STANDARD = gnu11;
				GCC_DYNAMIC_NO_PIC = NO;
				GCC_NO_COMMON_BLOCKS = YES;
				GCC_OPTIMIZATION_LEVEL = 0;
				GCC_PREPROCESSOR_DEFINITIONS = (
					"DEBUG=1",
					"$(inherited)",
				);
				GCC_WARN_64_TO_32_BIT_CONVERSION = YES;
				GCC_WARN_ABOUT_RETURN_TYPE = YES_ERROR;
				GCC_WARN_UNDECLARED_SELECTOR = YES;
				GCC_WARN_UNINITIALIZED_AUTOS = YES_AGGRESSIVE;
				GCC_WARN_UNUSED_FUNCTION = YES;
				GCC_WARN_UNUSED_VARIABLE = YES;
				IPHONEOS_DEPLOYMENT_TARGET = 15.0;
				MTL_ENABLE_DEBUG_INFO = INCLUDE_SOURCE;
				MTL_FAST_MATH = YES;
				ONLY_ACTIVE_ARCH = YES;
				SDKROOT = iphoneos;
				SWIFT_ACTIVE_COMPILATION_CONDITIONS = DEBUG;
				SWIFT_OPTIMIZATION_LEVEL = "-Onone";
			};
			name = Debug;
		};
		FF1CD22E275A2FD4003C79D3 /* Release */ = {
			isa = XCBuildConfiguration;
			buildSettings = {
				ALWAYS_SEARCH_USER_PATHS = NO;
				CLANG_ANALYZER_NONNULL = YES;
				CLANG_ANALYZER_NUMBER_OBJECT_CONVERSION = YES_AGGRESSIVE;
				CLANG_CXX_LANGUAGE_STANDARD = "gnu++17";
				CLANG_CXX_LIBRARY = "libc++";
				CLANG_ENABLE_MODULES = YES;
				CLANG_ENABLE_OBJC_ARC = YES;
				CLANG_ENABLE_OBJC_WEAK = YES;
				CLANG_WARN_BLOCK_CAPTURE_AUTORELEASING = YES;
				CLANG_WARN_BOOL_CONVERSION = YES;
				CLANG_WARN_COMMA = YES;
				CLANG_WARN_CONSTANT_CONVERSION = YES;
				CLANG_WARN_DEPRECATED_OBJC_IMPLEMENTATIONS = YES;
				CLANG_WARN_DIRECT_OBJC_ISA_USAGE = YES_ERROR;
				CLANG_WARN_DOCUMENTATION_COMMENTS = YES;
				CLANG_WARN_EMPTY_BODY = YES;
				CLANG_WARN_ENUM_CONVERSION = YES;
				CLANG_WARN_INFINITE_RECURSION = YES;
				CLANG_WARN_INT_CONVERSION = YES;
				CLANG_WARN_NON_LITERAL_NULL_CONVERSION = YES;
				CLANG_WARN_OBJC_IMPLICIT_RETAIN_SELF = YES;
				CLANG_WARN_OBJC_LITERAL_CONVERSION = YES;
				CLANG_WARN_OBJC_ROOT_CLASS = YES_ERROR;
				CLANG_WARN_QUOTED_INCLUDE_IN_FRAMEWORK_HEADER = YES;
				CLANG_WARN_RANGE_LOOP_ANALYSIS = YES;
				CLANG_WARN_STRICT_PROTOTYPES = YES;
				CLANG_WARN_SUSPICIOUS_MOVE = YES;
				CLANG_WARN_UNGUARDED_AVAILABILITY = YES_AGGRESSIVE;
				CLANG_WARN_UNREACHABLE_CODE = YES;
				CLANG_WARN__DUPLICATE_METHOD_MATCH = YES;
				COPY_PHASE_STRIP = NO;
				DEBUG_INFORMATION_FORMAT = "dwarf-with-dsym";
				ENABLE_NS_ASSERTIONS = NO;
				ENABLE_STRICT_OBJC_MSGSEND = YES;
				GCC_C_LANGUAGE_STANDARD = gnu11;
				GCC_NO_COMMON_BLOCKS = YES;
				GCC_WARN_64_TO_32_BIT_CONVERSION = YES;
				GCC_WARN_ABOUT_RETURN_TYPE = YES_ERROR;
				GCC_WARN_UNDECLARED_SELECTOR = YES;
				GCC_WARN_UNINITIALIZED_AUTOS = YES_AGGRESSIVE;
				GCC_WARN_UNUSED_FUNCTION = YES;
				GCC_WARN_UNUSED_VARIABLE = YES;
				IPHONEOS_DEPLOYMENT_TARGET = 15.0;
				MTL_ENABLE_DEBUG_INFO = NO;
				MTL_FAST_MATH = YES;
				SDKROOT = iphoneos;
				SWIFT_COMPILATION_MODE = wholemodule;
				SWIFT_OPTIMIZATION_LEVEL = "-O";
				VALIDATE_PRODUCT = YES;
			};
			name = Release;
		};
		FF1CD230275A2FD4003C79D3 /* Debug */ = {
			isa = XCBuildConfiguration;
			buildSettings = {
				ASSETCATALOG_COMPILER_APPICON_NAME = AppIcon;
				ASSETCATALOG_COMPILER_GLOBAL_ACCENT_COLOR_NAME = AccentColor;
				CODE_SIGN_ENTITLEMENTS = SlotMachine/SlotMachine.entitlements;
				CODE_SIGN_STYLE = Automatic;
				CURRENT_PROJECT_VERSION = 1;
				DEVELOPMENT_ASSET_PATHS = "\"SlotMachine/Preview Content\"";
				DEVELOPMENT_TEAM = UPXJ6R7P95;
				ENABLE_PREVIEWS = YES;
				GENERATE_INFOPLIST_FILE = YES;
				INFOPLIST_FILE = SlotMachine/Info.plist;
				INFOPLIST_KEY_CFBundleDisplayName = "Slot Machone";
				INFOPLIST_KEY_UIApplicationSceneManifest_Generation = YES;
				INFOPLIST_KEY_UIApplicationSupportsIndirectInputEvents = YES;
				INFOPLIST_KEY_UILaunchStoryboardName = LaunchScreen;
				INFOPLIST_KEY_UISupportedInterfaceOrientations = UIInterfaceOrientationPortrait;
				INFOPLIST_KEY_UISupportedInterfaceOrientations_iPad = "UIInterfaceOrientationPortrait UIInterfaceOrientationPortraitUpsideDown UIInterfaceOrientationLandscapeLeft UIInterfaceOrientationLandscapeRight";
				INFOPLIST_KEY_UISupportedInterfaceOrientations_iPhone = "UIInterfaceOrientationPortrait UIInterfaceOrientationLandscapeLeft UIInterfaceOrientationLandscapeRight";
				LD_RUNPATH_SEARCH_PATHS = (
					"$(inherited)",
					"@executable_path/Frameworks",
				);
				MARKETING_VERSION = 1.0;
				PRODUCT_BUNDLE_IDENTIFIER = com.codablecode.SlotMachine;
				PRODUCT_NAME = "$(TARGET_NAME)";
				SUPPORTS_MACCATALYST = YES;
				SWIFT_EMIT_LOC_STRINGS = YES;
				SWIFT_VERSION = 5.0;
				TARGETED_DEVICE_FAMILY = "1,2";
			};
			name = Debug;
		};
		FF1CD231275A2FD4003C79D3 /* Release */ = {
			isa = XCBuildConfiguration;
			buildSettings = {
				ASSETCATALOG_COMPILER_APPICON_NAME = AppIcon;
				ASSETCATALOG_COMPILER_GLOBAL_ACCENT_COLOR_NAME = AccentColor;
				CODE_SIGN_ENTITLEMENTS = SlotMachine/SlotMachine.entitlements;
				CODE_SIGN_STYLE = Automatic;
				CURRENT_PROJECT_VERSION = 1;
				DEVELOPMENT_ASSET_PATHS = "\"SlotMachine/Preview Content\"";
				DEVELOPMENT_TEAM = UPXJ6R7P95;
				ENABLE_PREVIEWS = YES;
				GENERATE_INFOPLIST_FILE = YES;
				INFOPLIST_FILE = SlotMachine/Info.plist;
				INFOPLIST_KEY_CFBundleDisplayName = "Slot Machone";
				INFOPLIST_KEY_UIApplicationSceneManifest_Generation = YES;
				INFOPLIST_KEY_UIApplicationSupportsIndirectInputEvents = YES;
				INFOPLIST_KEY_UILaunchStoryboardName = LaunchScreen;
				INFOPLIST_KEY_UISupportedInterfaceOrientations = UIInterfaceOrientationPortrait;
				INFOPLIST_KEY_UISupportedInterfaceOrientations_iPad = "UIInterfaceOrientationPortrait UIInterfaceOrientationPortraitUpsideDown UIInterfaceOrientationLandscapeLeft UIInterfaceOrientationLandscapeRight";
				INFOPLIST_KEY_UISupportedInterfaceOrientations_iPhone = "UIInterfaceOrientationPortrait UIInterfaceOrientationLandscapeLeft UIInterfaceOrientationLandscapeRight";
				LD_RUNPATH_SEARCH_PATHS = (
					"$(inherited)",
					"@executable_path/Frameworks",
				);
				MARKETING_VERSION = 1.0;
				PRODUCT_BUNDLE_IDENTIFIER = com.codablecode.SlotMachine;
				PRODUCT_NAME = "$(TARGET_NAME)";
				SUPPORTS_MACCATALYST = YES;
				SWIFT_EMIT_LOC_STRINGS = YES;
				SWIFT_VERSION = 5.0;
				TARGETED_DEVICE_FAMILY = "1,2";
			};
			name = Release;
		};
/* End XCBuildConfiguration section */

/* Begin XCConfigurationList section */
		FF1CD21C275A2FD2003C79D3 /* Build configuration list for PBXProject "SlotMachine" */ = {
			isa = XCConfigurationList;
			buildConfigurations = (
				FF1CD22D275A2FD4003C79D3 /* Debug */,
				FF1CD22E275A2FD4003C79D3 /* Release */,
			);
			defaultConfigurationIsVisible = 0;
			defaultConfigurationName = Release;
		};
		FF1CD22F275A2FD4003C79D3 /* Build configuration list for PBXNativeTarget "SlotMachine" */ = {
			isa = XCConfigurationList;
			buildConfigurations = (
				FF1CD230275A2FD4003C79D3 /* Debug */,
				FF1CD231275A2FD4003C79D3 /* Release */,
			);
			defaultConfigurationIsVisible = 0;
			defaultConfigurationName = Release;
		};
/* End XCConfigurationList section */
	};
	rootObject = FF1CD219275A2FD2003C79D3 /* Project object */;
}
